
Microsoft Visual Studio Solution File, Format Version 12.00
# Visual Studio 2012
Project("{F184B08F-C81C-45F6-A57F-5ABD9991F28F}") = "TWCPartsCompare", "TWCPartsCompare\TWCPartsCompare.vbproj", "{534E7B30-EB80-4617-9C54-48B65064F877}"
EndProject
Global
	GlobalSection(SolutionConfigurationPlatforms) = preSolution
		Debug|Any CPU = Debug|Any CPU
		Release|Any CPU = Release|Any CPU
	EndGlobalSection
	GlobalSection(ProjectConfigurationPlatforms) = postSolution
		{534E7B30-EB80-4617-9C54-48B65064F877}.Debug|Any CPU.ActiveCfg = Debug|Any CPU
		{534E7B30-EB80-4617-9C54-48B65064F877}.Debug|Any CPU.Build.0 = Debug|Any CPU
		{534E7B30-EB80-4617-9C54-48B65064F877}.Release|Any CPU.ActiveCfg = Release|Any CPU
		{534E7B30-EB80-4617-9C54-48B65064F877}.Release|Any CPU.Build.0 = Release|Any CPU
	EndGlobalSection
	GlobalSection(SolutionProperties) = preSolution
		HideSolutionNode = FALSE
	EndGlobalSection
EndGlobal
